
Microsoft Visual Studio Solution File, Format Version 12.00
# Visual Studio Version 17
VisualStudioVersion = 17.14.37203.1 d17.14
MinimumVisualStudioVersion = 10.0.40219.1
Project("{FAE04EC0-301F-11D3-BF4B-00C04F79EFBC}") = "Biblioteca", "Biblioteca.csproj", "{26E16AFC-8B70-4967-A1AF-1A5FE373AD27}"
EndProject
Project("{FAE04EC0-301F-11D3-BF4B-00C04F79EFBC}") = "Grupo Flor Yaneth Importaciones SRL", "..\Grupo Flor Yaneth Importaciones SRL\Grupo Flor Yaneth Importaciones SRL.csproj", "{50B838BF-5748-4834-BF3E-B702F046DF12}"
EndProject
Global
	GlobalSection(SolutionConfigurationPlatforms) = preSolution
		Debug|Any CPU = Debug|Any CPU
		Release|Any CPU = Release|Any CPU
	EndGlobalSection
	GlobalSection(ProjectConfigurationPlatforms) = postSolution
		{26E16AFC-8B70-4967-A1AF-1A5FE373AD27}.Debug|Any CPU.ActiveCfg = Debug|Any CPU
		{26E16AFC-8B70-4967-A1AF-1A5FE373AD27}.Debug|Any CPU.Build.0 = Debug|Any CPU
		{26E16AFC-8B70-4967-A1AF-1A5FE373AD27}.Release|Any CPU.ActiveCfg = Release|Any CPU
		{26E16AFC-8B70-4967-A1AF-1A5FE373AD27}.Release|Any CPU.Build.0 = Release|Any CPU
		{50B838BF-5748-4834-BF3E-B702F046DF12}.Debug|Any CPU.ActiveCfg = Debug|Any CPU
		{50B838BF-5748-4834-BF3E-B702F046DF12}.Debug|Any CPU.Build.0 = Debug|Any CPU
		{50B838BF-5748-4834-BF3E-B702F046DF12}.Release|Any CPU.ActiveCfg = Release|Any CPU
		{50B838BF-5748-4834-BF3E-B702F046DF12}.Release|Any CPU.Build.0 = Release|Any CPU
	EndGlobalSection
	GlobalSection(SolutionProperties) = preSolution
		HideSolutionNode = FALSE
	EndGlobalSection
	GlobalSection(ExtensibilityGlobals) = postSolution
		SolutionGuid = {116D0D9A-9B27-4563-A5E4-B1C082958F83}
	EndGlobalSection
EndGlobal
